
Microsoft Visual Studio Solution File, Format Version 12.00
Project("{FAE04EC0-301F-11D3-BF4B-00C04F79EFBC}") = "Zenthrill.WebAPI", "src\backend\Zenthrill.WebAPI\Zenthrill.WebAPI.csproj", "{805C6DC0-283B-462E-8166-1EA2822DFE5B}"
EndProject
Project("{FAE04EC0-301F-11D3-BF4B-00C04F79EFBC}") = "Zenthrill.Infrastructure", "src\backend\Zenthrill.Infrastructure\Zenthrill.Infrastructure.csproj", "{F431283B-9545-4445-AE95-0F0918DA7B9E}"
EndProject
Project("{FAE04EC0-301F-11D3-BF4B-00C04F79EFBC}") = "Zenthrill.Application", "src\backend\Zenthrill.Application\Zenthrill.Application.csproj", "{C6BFD4D7-BEC4-40BB-B92C-CE6210FD71F7}"
EndProject
Project("{FAE04EC0-301F-11D3-BF4B-00C04F79EFBC}") = "Zenthrill.Domain", "src\backend\Zenthrill.Domain\Zenthrill.Domain.csproj", "{EEF64401-8D8C-4D29-A104-2CEB58D29EEB}"
EndProject
Project("{FAE04EC0-301F-11D3-BF4B-00C04F79EFBC}") = "Zenthrill.Migrations", "src\migrations\Zenthrill.Migrations\Zenthrill.Migrations.csproj", "{71104581-B2A9-4484-892B-5D9B8F97A2F5}"
EndProject
Project("{FAE04EC0-301F-11D3-BF4B-00C04F79EFBC}") = "Zenthrill.DbMigrator", "src\migrations\Zenthrill.DbMigrator\Zenthrill.DbMigrator.csproj", "{493BE0CA-794F-44D1-B620-0E9B15EB0FD3}"
EndProject
Project("{FAE04EC0-301F-11D3-BF4B-00C04F79EFBC}") = "Zenthrill.Auth.DbMigrator", "src\migrations\Zenthrill.Auth.DbMigrator\Zenthrill.Auth.DbMigrator.csproj", "{EAF77CF8-15BC-4AE5-B327-C1067B7621D1}"
EndProject
Project("{2150E333-8FDC-42A3-9474-1A3956D46DE8}") = "Migrations", "Migrations", "{1563391C-C44C-4A1E-BECB-EE51FE578E45}"
EndProject
Project("{2150E333-8FDC-42A3-9474-1A3956D46DE8}") = "Docker", "Docker", "{06BC6F9E-0B1A-42A9-AD58-0ED2AD78A141}"
	ProjectSection(SolutionItems) = preProject
		docker-compose.yml = docker-compose.yml
		.env = .env
		create-resources.sh = create-resources.sh
		Sql\init.sql = Sql\init.sql
	EndProjectSection
EndProject
Project("{FAE04EC0-301F-11D3-BF4B-00C04F79EFBC}") = "Zenthrill.Outbox.Publisher", "src\backend-libs\Zenthrill.Outbox.Publisher\Zenthrill.Outbox.Publisher.csproj", "{8C4B1769-5E2D-4E20-98F3-D855E2BA736C}"
EndProject
Project("{2150E333-8FDC-42A3-9474-1A3956D46DE8}") = "Libraries", "Libraries", "{508882D3-426F-4960-AA1B-05276735D646}"
EndProject
Project("{FAE04EC0-301F-11D3-BF4B-00C04F79EFBC}") = "Zenthrill.Providers", "src\backend-libs\Zenthrill.Providers\Zenthrill.Providers.csproj", "{4FEE18A2-C111-462A-A70E-D6CE78FF9064}"
EndProject
Project("{FAE04EC0-301F-11D3-BF4B-00C04F79EFBC}") = "Zenthrill.Settings.DependencyInjection", "src\backend-libs\Zenthrill.Settings.DependencyInjection\Zenthrill.Settings.DependencyInjection.csproj", "{A9EDDA41-D529-4FA1-AC1A-827F3E2350B8}"
EndProject
Project("{2150E333-8FDC-42A3-9474-1A3956D46DE8}") = "Settings", "Settings", "{99F6F0A6-D28E-4D00-89AB-304849191028}"
EndProject
Project("{FAE04EC0-301F-11D3-BF4B-00C04F79EFBC}") = "Zenthrill.Settings", "src\backend-libs\Zenthrill.Settings\Zenthrill.Settings.csproj", "{11518122-A151-4643-9C3E-92C7D8D06D3F}"
EndProject
Project("{FAE04EC0-301F-11D3-BF4B-00C04F79EFBC}") = "Zenthrill.Outbox.Core", "src\backend-libs\Zenthrill.Outbox.Core\Zenthrill.Outbox.Core.csproj", "{46C9E161-E6F0-49F3-9D23-E765FED5B51C}"
EndProject
Project("{FAE04EC0-301F-11D3-BF4B-00C04F79EFBC}") = "Zenthrill.Outbox.EntityFrameworkCore", "src\backend-libs\Zenthrill.Outbox.EntityFrameworkCore\Zenthrill.Outbox.EntityFrameworkCore.csproj", "{70758CB5-732B-4D09-BD5C-7EB802BCAD35}"
EndProject
Project("{FAE04EC0-301F-11D3-BF4B-00C04F79EFBC}") = "Zenthrill.Outbox.Consumer", "src\backend-libs\Zenthrill.Outbox.Consumer\Zenthrill.Outbox.Consumer.csproj", "{EA6F774B-C51F-4E67-BFD0-FFDD2C30854D}"
EndProject
Project("{2150E333-8FDC-42A3-9474-1A3956D46DE8}") = "Outbox", "Outbox", "{74B8157A-A11F-4F0A-ADC3-B48AADDB4AA5}"
EndProject
Project("{FAE04EC0-301F-11D3-BF4B-00C04F79EFBC}") = "Zenthrill.Story.Consumer", "src\backend\Zenthrill.Story.Consumer\Zenthrill.Story.Consumer.csproj", "{716045AB-4828-492E-8A50-4BAB43B48290}"
EndProject
Project("{FAE04EC0-301F-11D3-BF4B-00C04F79EFBC}") = "Zenthrill.Providers.DependencyInjection", "src\backend-libs\Zenthrill.Providers.DependencyInjection\Zenthrill.Providers.DependencyInjection.csproj", "{75F08E11-3ECE-4718-9FB0-76CBDA13DF26}"
EndProject
Project("{2150E333-8FDC-42A3-9474-1A3956D46DE8}") = "Providers", "Providers", "{C79A3CE9-FEFF-472D-9807-DD094C8C3537}"
EndProject
Project("{FAE04EC0-301F-11D3-BF4B-00C04F79EFBC}") = "Zenthrill.Specifications", "src\backend-libs\Zenthrill.Specifications\Zenthrill.Specifications.csproj", "{5A63E4A8-0B03-4823-8A51-789868CE261B}"
EndProject
Project("{FAE04EC0-301F-11D3-BF4B-00C04F79EFBC}") = "Zenthrill.APIResponses", "src\backend-libs\Zenthrill.APIResponses\Zenthrill.APIResponses.csproj", "{42E8E550-BDB9-4195-A6BE-BEB5E906364D}"
EndProject
Project("{FAE04EC0-301F-11D3-BF4B-00C04F79EFBC}") = "Zenthrill.Benchmarks", "src\backend-benchmarks\Zenthrill.Benchmarks\Zenthrill.Benchmarks.csproj", "{28AFCBEE-5980-489C-92DC-3A5E866059F1}"
EndProject
Project("{2150E333-8FDC-42A3-9474-1A3956D46DE8}") = "Benchmarks", "Benchmarks", "{E0AF0503-151A-40B5-A2A8-C035F75E496E}"
	ProjectSection(SolutionItems) = preProject
		src\backend-benchmarks\docker-compose.yml = src\backend-benchmarks\docker-compose.yml
		src\backend-benchmarks\sql-scripts\init.sql = src\backend-benchmarks\sql-scripts\init.sql
	EndProjectSection
EndProject
Project("{FAE04EC0-301F-11D3-BF4B-00C04F79EFBC}") = "Zenthrill.Auth.WebAPI", "src\backend\Zenthrill.Auth.WebAPI\Zenthrill.Auth.WebAPI.csproj", "{AF4CFBD1-8DCC-4CED-83E9-FC8E4693D615}"
EndProject
Project("{2150E333-8FDC-42A3-9474-1A3956D46DE8}") = "Auth", "Auth", "{D8AF6F6A-B02B-4F17-ADAF-1D21635409DB}"
EndProject
Project("{FAE04EC0-301F-11D3-BF4B-00C04F79EFBC}") = "Zenthrill.Auth.Model", "src\backend\Zenthrill.Auth.Model\Zenthrill.Auth.Model.csproj", "{6DF89CE1-B995-483A-9A13-2BA3596F7901}"
EndProject
Project("{FAE04EC0-301F-11D3-BF4B-00C04F79EFBC}") = "Zenthrill.UserStory.WebAPI", "src\backend\Zenthrill.UserStory.WebAPI\Zenthrill.UserStory.WebAPI.csproj", "{749E3F36-68BC-4A8C-94C4-402BAB7B0472}"
EndProject
Project("{FAE04EC0-301F-11D3-BF4B-00C04F79EFBC}") = "Zenthrill.UserStory.Model", "src\backend\Zenthrill.UserStory.Model\Zenthrill.UserStory.Model.csproj", "{1CC1CD6B-5199-447D-ABAC-9449B2E2D3CE}"
EndProject
Project("{FAE04EC0-301F-11D3-BF4B-00C04F79EFBC}") = "Zenthrill.UserStory.Migrations", "src\migrations\Zenthrill.UserStory.Migrations\Zenthrill.UserStory.Migrations.csproj", "{E3716F6D-EA51-4095-B62F-4FECD92A0517}"
EndProject
Global
	GlobalSection(SolutionConfigurationPlatforms) = preSolution
		Debug|Any CPU = Debug|Any CPU
		Release|Any CPU = Release|Any CPU
	EndGlobalSection
	GlobalSection(ProjectConfigurationPlatforms) = postSolution
		{805C6DC0-283B-462E-8166-1EA2822DFE5B}.Debug|Any CPU.ActiveCfg = Debug|Any CPU
		{805C6DC0-283B-462E-8166-1EA2822DFE5B}.Debug|Any CPU.Build.0 = Debug|Any CPU
		{805C6DC0-283B-462E-8166-1EA2822DFE5B}.Release|Any CPU.ActiveCfg = Release|Any CPU
		{805C6DC0-283B-462E-8166-1EA2822DFE5B}.Release|Any CPU.Build.0 = Release|Any CPU
		{F431283B-9545-4445-AE95-0F0918DA7B9E}.Debug|Any CPU.ActiveCfg = Debug|Any CPU
		{F431283B-9545-4445-AE95-0F0918DA7B9E}.Debug|Any CPU.Build.0 = Debug|Any CPU
		{F431283B-9545-4445-AE95-0F0918DA7B9E}.Release|Any CPU.ActiveCfg = Release|Any CPU
		{F431283B-9545-4445-AE95-0F0918DA7B9E}.Release|Any CPU.Build.0 = Release|Any CPU
		{C6BFD4D7-BEC4-40BB-B92C-CE6210FD71F7}.Debug|Any CPU.ActiveCfg = Debug|Any CPU
		{C6BFD4D7-BEC4-40BB-B92C-CE6210FD71F7}.Debug|Any CPU.Build.0 = Debug|Any CPU
		{C6BFD4D7-BEC4-40BB-B92C-CE6210FD71F7}.Release|Any CPU.ActiveCfg = Release|Any CPU
		{C6BFD4D7-BEC4-40BB-B92C-CE6210FD71F7}.Release|Any CPU.Build.0 = Release|Any CPU
		{EEF64401-8D8C-4D29-A104-2CEB58D29EEB}.Debug|Any CPU.ActiveCfg = Debug|Any CPU
		{EEF64401-8D8C-4D29-A104-2CEB58D29EEB}.Debug|Any CPU.Build.0 = Debug|Any CPU
		{EEF64401-8D8C-4D29-A104-2CEB58D29EEB}.Release|Any CPU.ActiveCfg = Release|Any CPU
		{EEF64401-8D8C-4D29-A104-2CEB58D29EEB}.Release|Any CPU.Build.0 = Release|Any CPU
		{71104581-B2A9-4484-892B-5D9B8F97A2F5}.Debug|Any CPU.ActiveCfg = Debug|Any CPU
		{71104581-B2A9-4484-892B-5D9B8F97A2F5}.Debug|Any CPU.Build.0 = Debug|Any CPU
		{71104581-B2A9-4484-892B-5D9B8F97A2F5}.Release|Any CPU.ActiveCfg = Release|Any CPU
		{71104581-B2A9-4484-892B-5D9B8F97A2F5}.Release|Any CPU.Build.0 = Release|Any CPU
		{493BE0CA-794F-44D1-B620-0E9B15EB0FD3}.Debug|Any CPU.ActiveCfg = Debug|Any CPU
		{493BE0CA-794F-44D1-B620-0E9B15EB0FD3}.Debug|Any CPU.Build.0 = Debug|Any CPU
		{493BE0CA-794F-44D1-B620-0E9B15EB0FD3}.Release|Any CPU.ActiveCfg = Release|Any CPU
		{493BE0CA-794F-44D1-B620-0E9B15EB0FD3}.Release|Any CPU.Build.0 = Release|Any CPU
		{8C4B1769-5E2D-4E20-98F3-D855E2BA736C}.Debug|Any CPU.ActiveCfg = Debug|Any CPU
		{8C4B1769-5E2D-4E20-98F3-D855E2BA736C}.Debug|Any CPU.Build.0 = Debug|Any CPU
		{8C4B1769-5E2D-4E20-98F3-D855E2BA736C}.Release|Any CPU.ActiveCfg = Release|Any CPU
		{8C4B1769-5E2D-4E20-98F3-D855E2BA736C}.Release|Any CPU.Build.0 = Release|Any CPU
		{4FEE18A2-C111-462A-A70E-D6CE78FF9064}.Debug|Any CPU.ActiveCfg = Debug|Any CPU
		{4FEE18A2-C111-462A-A70E-D6CE78FF9064}.Debug|Any CPU.Build.0 = Debug|Any CPU
		{4FEE18A2-C111-462A-A70E-D6CE78FF9064}.Release|Any CPU.ActiveCfg = Release|Any CPU
		{4FEE18A2-C111-462A-A70E-D6CE78FF9064}.Release|Any CPU.Build.0 = Release|Any CPU
		{A9EDDA41-D529-4FA1-AC1A-827F3E2350B8}.Debug|Any CPU.ActiveCfg = Debug|Any CPU
		{A9EDDA41-D529-4FA1-AC1A-827F3E2350B8}.Debug|Any CPU.Build.0 = Debug|Any CPU
		{A9EDDA41-D529-4FA1-AC1A-827F3E2350B8}.Release|Any CPU.ActiveCfg = Release|Any CPU
		{A9EDDA41-D529-4FA1-AC1A-827F3E2350B8}.Release|Any CPU.Build.0 = Release|Any CPU
		{11518122-A151-4643-9C3E-92C7D8D06D3F}.Debug|Any CPU.ActiveCfg = Debug|Any CPU
		{11518122-A151-4643-9C3E-92C7D8D06D3F}.Debug|Any CPU.Build.0 = Debug|Any CPU
		{11518122-A151-4643-9C3E-92C7D8D06D3F}.Release|Any CPU.ActiveCfg = Release|Any CPU
		{11518122-A151-4643-9C3E-92C7D8D06D3F}.Release|Any CPU.Build.0 = Release|Any CPU
		{46C9E161-E6F0-49F3-9D23-E765FED5B51C}.Debug|Any CPU.ActiveCfg = Debug|Any CPU
		{46C9E161-E6F0-49F3-9D23-E765FED5B51C}.Debug|Any CPU.Build.0 = Debug|Any CPU
		{46C9E161-E6F0-49F3-9D23-E765FED5B51C}.Release|Any CPU.ActiveCfg = Release|Any CPU
		{46C9E161-E6F0-49F3-9D23-E765FED5B51C}.Release|Any CPU.Build.0 = Release|Any CPU
		{70758CB5-732B-4D09-BD5C-7EB802BCAD35}.Debug|Any CPU.ActiveCfg = Debug|Any CPU
		{70758CB5-732B-4D09-BD5C-7EB802BCAD35}.Debug|Any CPU.Build.0 = Debug|Any CPU
		{70758CB5-732B-4D09-BD5C-7EB802BCAD35}.Release|Any CPU.ActiveCfg = Release|Any CPU
		{70758CB5-732B-4D09-BD5C-7EB802BCAD35}.Release|Any CPU.Build.0 = Release|Any CPU
		{EA6F774B-C51F-4E67-BFD0-FFDD2C30854D}.Debug|Any CPU.ActiveCfg = Debug|Any CPU
		{EA6F774B-C51F-4E67-BFD0-FFDD2C30854D}.Debug|Any CPU.Build.0 = Debug|Any CPU
		{EA6F774B-C51F-4E67-BFD0-FFDD2C30854D}.Release|Any CPU.ActiveCfg = Release|Any CPU
		{EA6F774B-C51F-4E67-BFD0-FFDD2C30854D}.Release|Any CPU.Build.0 = Release|Any CPU
		{716045AB-4828-492E-8A50-4BAB43B48290}.Debug|Any CPU.ActiveCfg = Debug|Any CPU
		{716045AB-4828-492E-8A50-4BAB43B48290}.Debug|Any CPU.Build.0 = Debug|Any CPU
		{716045AB-4828-492E-8A50-4BAB43B48290}.Release|Any CPU.ActiveCfg = Release|Any CPU
		{716045AB-4828-492E-8A50-4BAB43B48290}.Release|Any CPU.Build.0 = Release|Any CPU
		{75F08E11-3ECE-4718-9FB0-76CBDA13DF26}.Debug|Any CPU.ActiveCfg = Debug|Any CPU
		{75F08E11-3ECE-4718-9FB0-76CBDA13DF26}.Debug|Any CPU.Build.0 = Debug|Any CPU
		{75F08E11-3ECE-4718-9FB0-76CBDA13DF26}.Release|Any CPU.ActiveCfg = Release|Any CPU
		{75F08E11-3ECE-4718-9FB0-76CBDA13DF26}.Release|Any CPU.Build.0 = Release|Any CPU
		{5A63E4A8-0B03-4823-8A51-789868CE261B}.Debug|Any CPU.ActiveCfg = Debug|Any CPU
		{5A63E4A8-0B03-4823-8A51-789868CE261B}.Debug|Any CPU.Build.0 = Debug|Any CPU
		{5A63E4A8-0B03-4823-8A51-789868CE261B}.Release|Any CPU.ActiveCfg = Release|Any CPU
		{5A63E4A8-0B03-4823-8A51-789868CE261B}.Release|Any CPU.Build.0 = Release|Any CPU
		{42E8E550-BDB9-4195-A6BE-BEB5E906364D}.Debug|Any CPU.ActiveCfg = Debug|Any CPU
		{42E8E550-BDB9-4195-A6BE-BEB5E906364D}.Debug|Any CPU.Build.0 = Debug|Any CPU
		{42E8E550-BDB9-4195-A6BE-BEB5E906364D}.Release|Any CPU.ActiveCfg = Release|Any CPU
		{42E8E550-BDB9-4195-A6BE-BEB5E906364D}.Release|Any CPU.Build.0 = Release|Any CPU
		{28AFCBEE-5980-489C-92DC-3A5E866059F1}.Debug|Any CPU.ActiveCfg = Debug|Any CPU
		{28AFCBEE-5980-489C-92DC-3A5E866059F1}.Debug|Any CPU.Build.0 = Debug|Any CPU
		{28AFCBEE-5980-489C-92DC-3A5E866059F1}.Release|Any CPU.ActiveCfg = Release|Any CPU
		{28AFCBEE-5980-489C-92DC-3A5E866059F1}.Release|Any CPU.Build.0 = Release|Any CPU
		{AF4CFBD1-8DCC-4CED-83E9-FC8E4693D615}.Debug|Any CPU.ActiveCfg = Debug|Any CPU
		{AF4CFBD1-8DCC-4CED-83E9-FC8E4693D615}.Debug|Any CPU.Build.0 = Debug|Any CPU
		{AF4CFBD1-8DCC-4CED-83E9-FC8E4693D615}.Release|Any CPU.ActiveCfg = Release|Any CPU
		{AF4CFBD1-8DCC-4CED-83E9-FC8E4693D615}.Release|Any CPU.Build.0 = Release|Any CPU
		{6DF89CE1-B995-483A-9A13-2BA3596F7901}.Debug|Any CPU.ActiveCfg = Debug|Any CPU
		{6DF89CE1-B995-483A-9A13-2BA3596F7901}.Debug|Any CPU.Build.0 = Debug|Any CPU
		{6DF89CE1-B995-483A-9A13-2BA3596F7901}.Release|Any CPU.ActiveCfg = Release|Any CPU
		{6DF89CE1-B995-483A-9A13-2BA3596F7901}.Release|Any CPU.Build.0 = Release|Any CPU
		{EAF77CF8-15BC-4AE5-B327-C1067B7621D1}.Debug|Any CPU.ActiveCfg = Debug|Any CPU
		{EAF77CF8-15BC-4AE5-B327-C1067B7621D1}.Debug|Any CPU.Build.0 = Debug|Any CPU
		{EAF77CF8-15BC-4AE5-B327-C1067B7621D1}.Release|Any CPU.ActiveCfg = Release|Any CPU
		{EAF77CF8-15BC-4AE5-B327-C1067B7621D1}.Release|Any CPU.Build.0 = Release|Any CPU
		{749E3F36-68BC-4A8C-94C4-402BAB7B0472}.Debug|Any CPU.ActiveCfg = Debug|Any CPU
		{749E3F36-68BC-4A8C-94C4-402BAB7B0472}.Debug|Any CPU.Build.0 = Debug|Any CPU
		{749E3F36-68BC-4A8C-94C4-402BAB7B0472}.Release|Any CPU.ActiveCfg = Release|Any CPU
		{749E3F36-68BC-4A8C-94C4-402BAB7B0472}.Release|Any CPU.Build.0 = Release|Any CPU
		{1CC1CD6B-5199-447D-ABAC-9449B2E2D3CE}.Debug|Any CPU.ActiveCfg = Debug|Any CPU
		{1CC1CD6B-5199-447D-ABAC-9449B2E2D3CE}.Debug|Any CPU.Build.0 = Debug|Any CPU
		{1CC1CD6B-5199-447D-ABAC-9449B2E2D3CE}.Release|Any CPU.ActiveCfg = Release|Any CPU
		{1CC1CD6B-5199-447D-ABAC-9449B2E2D3CE}.Release|Any CPU.Build.0 = Release|Any CPU
		{E3716F6D-EA51-4095-B62F-4FECD92A0517}.Debug|Any CPU.ActiveCfg = Debug|Any CPU
		{E3716F6D-EA51-4095-B62F-4FECD92A0517}.Debug|Any CPU.Build.0 = Debug|Any CPU
		{E3716F6D-EA51-4095-B62F-4FECD92A0517}.Release|Any CPU.ActiveCfg = Release|Any CPU
		{E3716F6D-EA51-4095-B62F-4FECD92A0517}.Release|Any CPU.Build.0 = Release|Any CPU
	EndGlobalSection
	GlobalSection(NestedProjects) = preSolution
		{493BE0CA-794F-44D1-B620-0E9B15EB0FD3} = {1563391C-C44C-4A1E-BECB-EE51FE578E45}
		{71104581-B2A9-4484-892B-5D9B8F97A2F5} = {1563391C-C44C-4A1E-BECB-EE51FE578E45}
		{99F6F0A6-D28E-4D00-89AB-304849191028} = {508882D3-426F-4960-AA1B-05276735D646}
		{A9EDDA41-D529-4FA1-AC1A-827F3E2350B8} = {99F6F0A6-D28E-4D00-89AB-304849191028}
		{11518122-A151-4643-9C3E-92C7D8D06D3F} = {99F6F0A6-D28E-4D00-89AB-304849191028}
		{74B8157A-A11F-4F0A-ADC3-B48AADDB4AA5} = {508882D3-426F-4960-AA1B-05276735D646}
		{EA6F774B-C51F-4E67-BFD0-FFDD2C30854D} = {74B8157A-A11F-4F0A-ADC3-B48AADDB4AA5}
		{46C9E161-E6F0-49F3-9D23-E765FED5B51C} = {74B8157A-A11F-4F0A-ADC3-B48AADDB4AA5}
		{70758CB5-732B-4D09-BD5C-7EB802BCAD35} = {74B8157A-A11F-4F0A-ADC3-B48AADDB4AA5}
		{8C4B1769-5E2D-4E20-98F3-D855E2BA736C} = {74B8157A-A11F-4F0A-ADC3-B48AADDB4AA5}
		{C79A3CE9-FEFF-472D-9807-DD094C8C3537} = {508882D3-426F-4960-AA1B-05276735D646}
		{4FEE18A2-C111-462A-A70E-D6CE78FF9064} = {C79A3CE9-FEFF-472D-9807-DD094C8C3537}
		{75F08E11-3ECE-4718-9FB0-76CBDA13DF26} = {C79A3CE9-FEFF-472D-9807-DD094C8C3537}
		{5A63E4A8-0B03-4823-8A51-789868CE261B} = {508882D3-426F-4960-AA1B-05276735D646}
		{42E8E550-BDB9-4195-A6BE-BEB5E906364D} = {508882D3-426F-4960-AA1B-05276735D646}
		{28AFCBEE-5980-489C-92DC-3A5E866059F1} = {E0AF0503-151A-40B5-A2A8-C035F75E496E}
		{AF4CFBD1-8DCC-4CED-83E9-FC8E4693D615} = {D8AF6F6A-B02B-4F17-ADAF-1D21635409DB}
		{6DF89CE1-B995-483A-9A13-2BA3596F7901} = {D8AF6F6A-B02B-4F17-ADAF-1D21635409DB}
		{EAF77CF8-15BC-4AE5-B327-C1067B7621D1} = {1563391C-C44C-4A1E-BECB-EE51FE578E45}
		{E3716F6D-EA51-4095-B62F-4FECD92A0517} = {1563391C-C44C-4A1E-BECB-EE51FE578E45}
	EndGlobalSection
EndGlobal
